
Microsoft Visual Studio Solution File, Format Version 12.00
# Visual Studio Version 17
VisualStudioVersion = 17.3.32901.215
MinimumVisualStudioVersion = 10.0.40219.1
Project("{FAE04EC0-301F-11D3-BF4B-00C04F79EFBC}") = "Noteme +", "Noteme +\Noteme +.csproj", "{73AA56EA-EE39-41E4-8045-28BCE95A7FD5}"
EndProject
Global
	GlobalSection(SolutionConfigurationPlatforms) = preSolution
		Debug|Any CPU = Debug|Any CPU
		Release|Any CPU = Release|Any CPU
	EndGlobalSection
	GlobalSection(ProjectConfigurationPlatforms) = postSolution
		{73AA56EA-EE39-41E4-8045-28BCE95A7FD5}.Debug|Any CPU.ActiveCfg = Debug|Any CPU
		{73AA56EA-EE39-41E4-8045-28BCE95A7FD5}.Debug|Any CPU.Build.0 = Debug|Any CPU
		{73AA56EA-EE39-41E4-8045-28BCE95A7FD5}.Release|Any CPU.ActiveCfg = Release|Any CPU
		{73AA56EA-EE39-41E4-8045-28BCE95A7FD5}.Release|Any CPU.Build.0 = Release|Any CPU
	EndGlobalSection
	GlobalSection(SolutionProperties) = preSolution
		HideSolutionNode = FALSE
	EndGlobalSection
	GlobalSection(ExtensibilityGlobals) = postSolution
		SolutionGuid = {3D58279D-A965-4FAB-BD65-2280461CF21D}
	EndGlobalSection
EndGlobal
